{
	"name": "@arihantverma/create-twitter-thread",
	"version": "0.1.0",
	"lockfileVersion": 1,
	"requires": true,
	"dependencies": {
		"lodash.trimstart": {
			"version": "4.5.1",
			"resolved":
				"https://registry.npmjs.org/lodash.trimstart/-/lodash.trimstart-4.5.1.tgz",
			"integrity": "sha1-j/TexTLYJIavWVc8OURZFOlEp/E="
		}
	}
}
